
Microsoft Visual Studio Solution File, Format Version 12.00
# Visual Studio 15
VisualStudioVersion = 15.0.28307.1800
MinimumVisualStudioVersion = 10.0.40219.1
Project("{FAE04EC0-301F-11D3-BF4B-00C04F79EFBC}") = "RiverCityRansomEditor", "RiverCityRansomEditor\RiverCityRansomEditor.csproj", "{8546EE9A-D777-4A4A-956F-DA481FDFCB14}"
EndProject
Global
	GlobalSection(SolutionConfigurationPlatforms) = preSolution
		Debug|Any CPU = Debug|Any CPU
		Release|Any CPU = Release|Any CPU
	EndGlobalSection
	GlobalSection(ProjectConfigurationPlatforms) = postSolution
		{8546EE9A-D777-4A4A-956F-DA481FDFCB14}.Debug|Any CPU.ActiveCfg = Debug|Any CPU
		{8546EE9A-D777-4A4A-956F-DA481FDFCB14}.Debug|Any CPU.Build.0 = Debug|Any CPU
		{8546EE9A-D777-4A4A-956F-DA481FDFCB14}.Release|Any CPU.ActiveCfg = Release|Any CPU
		{8546EE9A-D777-4A4A-956F-DA481FDFCB14}.Release|Any CPU.Build.0 = Release|Any CPU
	EndGlobalSection
	GlobalSection(SolutionProperties) = preSolution
		HideSolutionNode = FALSE
	EndGlobalSection
	GlobalSection(ExtensibilityGlobals) = postSolution
		SolutionGuid = {3C74C73B-BBA6-46E8-B225-BB5F7C8988B1}
	EndGlobalSection
EndGlobal
